// !$*UTF8*$!
{
	archiveVersion = 1;
	classes = {
	};
	objectVersion = 56;
	objects = {

/* Begin PBXBuildFile section */
		BC71A1F72ACBAEB300FE413E /* FreshTrackApp.swift in Sources */ = {isa = PBXBuildFile; fileRef = BC71A1F62ACBAEB300FE413E /* FreshTrackApp.swift */; };
		BC71A1FB2ACBAEB400FE413E /* Assets.xcassets in Resources */ = {isa = PBXBuildFile; fileRef = BC71A1FA2ACBAEB400FE413E /* Assets.xcassets */; };
		BC71A1FE2ACBAEB400FE413E /* Preview Assets.xcassets in Resources */ = {isa = PBXBuildFile; fileRef = BC71A1FD2ACBAEB400FE413E /* Preview Assets.xcassets */; };
		BC71A2072ACBAF7500FE413E /* MainNavBar.swift in Sources */ = {isa = PBXBuildFile; fileRef = BC71A2062ACBAF7500FE413E /* MainNavBar.swift */; };
		BC71A2092ACBAFB100FE413E /* ItemsListView.swift in Sources */ = {isa = PBXBuildFile; fileRef = BC71A2082ACBAFB100FE413E /* ItemsListView.swift */; };
		BC71A20B2ACBB2AA00FE413E /* FreezerItem.swift in Sources */ = {isa = PBXBuildFile; fileRef = BC71A20A2ACBB2AA00FE413E /* FreezerItem.swift */; };
		BC71A20D2ACBB35900FE413E /* DataFreezerItems.swift in Sources */ = {isa = PBXBuildFile; fileRef = BC71A20C2ACBB35900FE413E /* DataFreezerItems.swift */; };
		BC71A2122ACBB45100FE413E /* FreezerListRow.swift in Sources */ = {isa = PBXBuildFile; fileRef = BC71A2112ACBB45100FE413E /* FreezerListRow.swift */; };
		BC71A2162ACD1B3B00FE413E /* FridgeItem.swift in Sources */ = {isa = PBXBuildFile; fileRef = BC71A2152ACD1B3B00FE413E /* FridgeItem.swift */; };
		BC71A2182ACD1B5E00FE413E /* DataFridgeItem.swift in Sources */ = {isa = PBXBuildFile; fileRef = BC71A2172ACD1B5E00FE413E /* DataFridgeItem.swift */; };
		BC71A21A2ACD1C1C00FE413E /* FridgeListRow.swift in Sources */ = {isa = PBXBuildFile; fileRef = BC71A2192ACD1C1C00FE413E /* FridgeListRow.swift */; };
		BC71A21C2ACD1E7700FE413E /* PantryItem.swift in Sources */ = {isa = PBXBuildFile; fileRef = BC71A21B2ACD1E7700FE413E /* PantryItem.swift */; };
		BC71A21E2ACD1E9C00FE413E /* DataPantryItem.swift in Sources */ = {isa = PBXBuildFile; fileRef = BC71A21D2ACD1E9C00FE413E /* DataPantryItem.swift */; };
		BC71A2202ACD1EED00FE413E /* PantryListRow.swift in Sources */ = {isa = PBXBuildFile; fileRef = BC71A21F2ACD1EED00FE413E /* PantryListRow.swift */; };
		BC71A2222ACE709700FE413E /* nameToEmojiModel.mlmodel in Sources */ = {isa = PBXBuildFile; fileRef = BC71A2212ACE709700FE413E /* nameToEmojiModel.mlmodel */; };
		CDFEF6312ACD5F470082AD08 /* AddItem.swift in Sources */ = {isa = PBXBuildFile; fileRef = CDFEF6302ACD5F470082AD08 /* AddItem.swift */; };
		CDFEF6362ACDBD410082AD08 /* Functions.swift in Sources */ = {isa = PBXBuildFile; fileRef = CDFEF6352ACDBD410082AD08 /* Functions.swift */; };
/* End PBXBuildFile section */

/* Begin PBXFileReference section */
		BC71A1F32ACBAEB300FE413E /* FreshTrack.app */ = {isa = PBXFileReference; explicitFileType = wrapper.application; includeInIndex = 0; path = FreshTrack.app; sourceTree = BUILT_PRODUCTS_DIR; };
		BC71A1F62ACBAEB300FE413E /* FreshTrackApp.swift */ = {isa = PBXFileReference; lastKnownFileType = sourcecode.swift; path = FreshTrackApp.swift; sourceTree = "<group>"; };
		BC71A1FA2ACBAEB400FE413E /* Assets.xcassets */ = {isa = PBXFileReference; lastKnownFileType = folder.assetcatalog; path = Assets.xcassets; sourceTree = "<group>"; };
		BC71A1FD2ACBAEB400FE413E /* Preview Assets.xcassets */ = {isa = PBXFileReference; lastKnownFileType = folder.assetcatalog; path = "Preview Assets.xcassets"; sourceTree = "<group>"; };
		BC71A2062ACBAF7500FE413E /* MainNavBar.swift */ = {isa = PBXFileReference; lastKnownFileType = sourcecode.swift; path = MainNavBar.swift; sourceTree = "<group>"; };
		BC71A2082ACBAFB100FE413E /* ItemsListView.swift */ = {isa = PBXFileReference; lastKnownFileType = sourcecode.swift; path = ItemsListView.swift; sourceTree = "<group>"; };
		BC71A20A2ACBB2AA00FE413E /* FreezerItem.swift */ = {isa = PBXFileReference; lastKnownFileType = sourcecode.swift; path = FreezerItem.swift; sourceTree = "<group>"; };
		BC71A20C2ACBB35900FE413E /* DataFreezerItems.swift */ = {isa = PBXFileReference; lastKnownFileType = sourcecode.swift; path = DataFreezerItems.swift; sourceTree = "<group>"; };
		BC71A2112ACBB45100FE413E /* FreezerListRow.swift */ = {isa = PBXFileReference; lastKnownFileType = sourcecode.swift; path = FreezerListRow.swift; sourceTree = "<group>"; };
		BC71A2152ACD1B3B00FE413E /* FridgeItem.swift */ = {isa = PBXFileReference; lastKnownFileType = sourcecode.swift; path = FridgeItem.swift; sourceTree = "<group>"; };
		BC71A2172ACD1B5E00FE413E /* DataFridgeItem.swift */ = {isa = PBXFileReference; lastKnownFileType = sourcecode.swift; path = DataFridgeItem.swift; sourceTree = "<group>"; };
		BC71A2192ACD1C1C00FE413E /* FridgeListRow.swift */ = {isa = PBXFileReference; lastKnownFileType = sourcecode.swift; path = FridgeListRow.swift; sourceTree = "<group>"; };
		BC71A21B2ACD1E7700FE413E /* PantryItem.swift */ = {isa = PBXFileReference; lastKnownFileType = sourcecode.swift; path = PantryItem.swift; sourceTree = "<group>"; };
		BC71A21D2ACD1E9C00FE413E /* DataPantryItem.swift */ = {isa = PBXFileReference; lastKnownFileType = sourcecode.swift; path = DataPantryItem.swift; sourceTree = "<group>"; };
		BC71A21F2ACD1EED00FE413E /* PantryListRow.swift */ = {isa = PBXFileReference; lastKnownFileType = sourcecode.swift; path = PantryListRow.swift; sourceTree = "<group>"; };
		BC71A2212ACE709700FE413E /* nameToEmojiModel.mlmodel */ = {isa = PBXFileReference; lastKnownFileType = file.mlmodel; path = nameToEmojiModel.mlmodel; sourceTree = "<group>"; };
		CDFEF6302ACD5F470082AD08 /* AddItem.swift */ = {isa = PBXFileReference; fileEncoding = 4; lastKnownFileType = sourcecode.swift; path = AddItem.swift; sourceTree = "<group>"; };
		CDFEF6342ACD808F0082AD08 /* misc.md */ = {isa = PBXFileReference; lastKnownFileType = net.daringfireball.markdown; path = misc.md; sourceTree = "<group>"; };
		CDFEF6352ACDBD410082AD08 /* Functions.swift */ = {isa = PBXFileReference; lastKnownFileType = sourcecode.swift; path = Functions.swift; sourceTree = "<group>"; };
/* End PBXFileReference section */

/* Begin PBXFrameworksBuildPhase section */
		BC71A1F02ACBAEB300FE413E /* Frameworks */ = {
			isa = PBXFrameworksBuildPhase;
			buildActionMask = 2147483647;
			files = (
			);
			runOnlyForDeploymentPostprocessing = 0;
		};
/* End PBXFrameworksBuildPhase section */

/* Begin PBXGroup section */
		BC71A1EA2ACBAEB300FE413E = {
			isa = PBXGroup;
			children = (
				CDFEF6342ACD808F0082AD08 /* misc.md */,
				BC71A1F52ACBAEB300FE413E /* FreshTrack */,
				BC71A1F42ACBAEB300FE413E /* Products */,
			);
			sourceTree = "<group>";
		};
		BC71A1F42ACBAEB300FE413E /* Products */ = {
			isa = PBXGroup;
			children = (
				BC71A1F32ACBAEB300FE413E /* FreshTrack.app */,
			);
			name = Products;
			sourceTree = "<group>";
		};
		BC71A1F52ACBAEB300FE413E /* FreshTrack */ = {
			isa = PBXGroup;
			children = (
				BC71A2102ACBB43A00FE413E /* ListCreator */,
				BC71A2042ACBAEE900FE413E /* StorageItems */,
				BC71A2052ACBAF3900FE413E /* Views */,
				BC71A1F62ACBAEB300FE413E /* FreshTrackApp.swift */,
				BC71A2062ACBAF7500FE413E /* MainNavBar.swift */,
				BC71A1FA2ACBAEB400FE413E /* Assets.xcassets */,
				BC71A1FC2ACBAEB400FE413E /* Preview Content */,
				CDFEF6352ACDBD410082AD08 /* Functions.swift */,
				BC71A2212ACE709700FE413E /* nameToEmojiModel.mlmodel */,
			);
			path = FreshTrack;
			sourceTree = "<group>";
		};
		BC71A1FC2ACBAEB400FE413E /* Preview Content */ = {
			isa = PBXGroup;
			children = (
				BC71A1FD2ACBAEB400FE413E /* Preview Assets.xcassets */,
			);
			path = "Preview Content";
			sourceTree = "<group>";
		};
		BC71A2042ACBAEE900FE413E /* StorageItems */ = {
			isa = PBXGroup;
			children = (
				BC71A20A2ACBB2AA00FE413E /* FreezerItem.swift */,
				BC71A2152ACD1B3B00FE413E /* FridgeItem.swift */,
				BC71A21B2ACD1E7700FE413E /* PantryItem.swift */,
				BC71A20C2ACBB35900FE413E /* DataFreezerItems.swift */,
				BC71A2172ACD1B5E00FE413E /* DataFridgeItem.swift */,
				BC71A21D2ACD1E9C00FE413E /* DataPantryItem.swift */,
			);
			path = StorageItems;
			sourceTree = "<group>";
		};
		BC71A2052ACBAF3900FE413E /* Views */ = {
			isa = PBXGroup;
			children = (
				CDFEF6302ACD5F470082AD08 /* AddItem.swift */,
				BC71A2082ACBAFB100FE413E /* ItemsListView.swift */,
			);
			path = Views;
			sourceTree = "<group>";
		};
		BC71A2102ACBB43A00FE413E /* ListCreator */ = {
			isa = PBXGroup;
			children = (
				BC71A2112ACBB45100FE413E /* FreezerListRow.swift */,
				BC71A2192ACD1C1C00FE413E /* FridgeListRow.swift */,
				BC71A21F2ACD1EED00FE413E /* PantryListRow.swift */,
			);
			path = ListCreator;
			sourceTree = "<group>";
		};
/* End PBXGroup section */

/* Begin PBXNativeTarget section */
		BC71A1F22ACBAEB300FE413E /* FreshTrack */ = {
			isa = PBXNativeTarget;
			buildConfigurationList = BC71A2012ACBAEB400FE413E /* Build configuration list for PBXNativeTarget "FreshTrack" */;
			buildPhases = (
				BC71A1EF2ACBAEB300FE413E /* Sources */,
				BC71A1F02ACBAEB300FE413E /* Frameworks */,
				BC71A1F12ACBAEB300FE413E /* Resources */,
			);
			buildRules = (
			);
			dependencies = (
			);
			name = FreshTrack;
			productName = FreshTrack;
			productReference = BC71A1F32ACBAEB300FE413E /* FreshTrack.app */;
			productType = "com.apple.product-type.application";
		};
/* End PBXNativeTarget section */

/* Begin PBXProject section */
		BC71A1EB2ACBAEB300FE413E /* Project object */ = {
			isa = PBXProject;
			attributes = {
				BuildIndependentTargetsInParallel = 1;
				LastSwiftUpdateCheck = 1430;
				LastUpgradeCheck = 1430;
				TargetAttributes = {
					BC71A1F22ACBAEB300FE413E = {
						CreatedOnToolsVersion = 14.3.1;
					};
				};
			};
			buildConfigurationList = BC71A1EE2ACBAEB300FE413E /* Build configuration list for PBXProject "FreshTrack" */;
			compatibilityVersion = "Xcode 14.0";
			developmentRegion = en;
			hasScannedForEncodings = 0;
			knownRegions = (
				en,
				Base,
			);
			mainGroup = BC71A1EA2ACBAEB300FE413E;
			productRefGroup = BC71A1F42ACBAEB300FE413E /* Products */;
			projectDirPath = "";
			projectRoot = "";
			targets = (
				BC71A1F22ACBAEB300FE413E /* FreshTrack */,
			);
		};
/* End PBXProject section */

/* Begin PBXResourcesBuildPhase section */
		BC71A1F12ACBAEB300FE413E /* Resources */ = {
			isa = PBXResourcesBuildPhase;
			buildActionMask = 2147483647;
			files = (
				BC71A1FE2ACBAEB400FE413E /* Preview Assets.xcassets in Resources */,
				BC71A1FB2ACBAEB400FE413E /* Assets.xcassets in Resources */,
			);
			runOnlyForDeploymentPostprocessing = 0;
		};
/* End PBXResourcesBuildPhase section */

/* Begin PBXSourcesBuildPhase section */
		BC71A1EF2ACBAEB300FE413E /* Sources */ = {
			isa = PBXSourcesBuildPhase;
			buildActionMask = 2147483647;
			files = (
				BC71A2162ACD1B3B00FE413E /* FridgeItem.swift in Sources */,
				CDFEF6312ACD5F470082AD08 /* AddItem.swift in Sources */,
				BC71A2182ACD1B5E00FE413E /* DataFridgeItem.swift in Sources */,
				BC71A2122ACBB45100FE413E /* FreezerListRow.swift in Sources */,
				BC71A20B2ACBB2AA00FE413E /* FreezerItem.swift in Sources */,
				BC71A20D2ACBB35900FE413E /* DataFreezerItems.swift in Sources */,
				BC71A21A2ACD1C1C00FE413E /* FridgeListRow.swift in Sources */,
				BC71A1F72ACBAEB300FE413E /* FreshTrackApp.swift in Sources */,
				BC71A2222ACE709700FE413E /* nameToEmojiModel.mlmodel in Sources */,
				CDFEF6362ACDBD410082AD08 /* Functions.swift in Sources */,
				BC71A2092ACBAFB100FE413E /* ItemsListView.swift in Sources */,
				BC71A2202ACD1EED00FE413E /* PantryListRow.swift in Sources */,
				BC71A21C2ACD1E7700FE413E /* PantryItem.swift in Sources */,
				BC71A2072ACBAF7500FE413E /* MainNavBar.swift in Sources */,
				BC71A21E2ACD1E9C00FE413E /* DataPantryItem.swift in Sources */,
			);
			runOnlyForDeploymentPostprocessing = 0;
		};
/* End PBXSourcesBuildPhase section */

/* Begin XCBuildConfiguration section */
		BC71A1FF2ACBAEB400FE413E /* Debug */ = {
			isa = XCBuildConfiguration;
			buildSettings = {
				ALWAYS_SEARCH_USER_PATHS = NO;
				CLANG_ANALYZER_NONNULL = YES;
				CLANG_ANALYZER_NUMBER_OBJECT_CONVERSION = YES_AGGRESSIVE;
				CLANG_CXX_LANGUAGE_STANDARD = "gnu++20";
				CLANG_ENABLE_MODULES = YES;
				CLANG_ENABLE_OBJC_ARC = YES;
				CLANG_ENABLE_OBJC_WEAK = YES;
				CLANG_WARN_BLOCK_CAPTURE_AUTORELEASING = YES;
				CLANG_WARN_BOOL_CONVERSION = YES;
				CLANG_WARN_COMMA = YES;
				CLANG_WARN_CONSTANT_CONVERSION = YES;
				CLANG_WARN_DEPRECATED_OBJC_IMPLEMENTATIONS = YES;
				CLANG_WARN_DIRECT_OBJC_ISA_USAGE = YES_ERROR;
				CLANG_WARN_DOCUMENTATION_COMMENTS = YES;
				CLANG_WARN_EMPTY_BODY = YES;
				CLANG_WARN_ENUM_CONVERSION = YES;
				CLANG_WARN_INFINITE_RECURSION = YES;
				CLANG_WARN_INT_CONVERSION = YES;
				CLANG_WARN_NON_LITERAL_NULL_CONVERSION = YES;
				CLANG_WARN_OBJC_IMPLICIT_RETAIN_SELF = YES;
				CLANG_WARN_OBJC_LITERAL_CONVERSION = YES;
				CLANG_WARN_OBJC_ROOT_CLASS = YES_ERROR;
				CLANG_WARN_QUOTED_INCLUDE_IN_FRAMEWORK_HEADER = YES;
				CLANG_WARN_RANGE_LOOP_ANALYSIS = YES;
				CLANG_WARN_STRICT_PROTOTYPES = YES;
				CLANG_WARN_SUSPICIOUS_MOVE = YES;
				CLANG_WARN_UNGUARDED_AVAILABILITY = YES_AGGRESSIVE;
				CLANG_WARN_UNREACHABLE_CODE = YES;
				CLANG_WARN__DUPLICATE_METHOD_MATCH = YES;
				COPY_PHASE_STRIP = NO;
				DEBUG_INFORMATION_FORMAT = dwarf;
				ENABLE_STRICT_OBJC_MSGSEND = YES;
				ENABLE_TESTABILITY = YES;
				GCC_C_LANGUAGE_STANDARD = gnu11;
				GCC_DYNAMIC_NO_PIC = NO;
				GCC_NO_COMMON_BLOCKS = YES;
				GCC_OPTIMIZATION_LEVEL = 0;
				GCC_PREPROCESSOR_DEFINITIONS = (
					"DEBUG=1",
					"$(inherited)",
				);
				GCC_WARN_64_TO_32_BIT_CONVERSION = YES;
				GCC_WARN_ABOUT_RETURN_TYPE = YES_ERROR;
				GCC_WARN_UNDECLARED_SELECTOR = YES;
				GCC_WARN_UNINITIALIZED_AUTOS = YES_AGGRESSIVE;
				GCC_WARN_UNUSED_FUNCTION = YES;
				GCC_WARN_UNUSED_VARIABLE = YES;
				IPHONEOS_DEPLOYMENT_TARGET = 16.4;
				MTL_ENABLE_DEBUG_INFO = INCLUDE_SOURCE;
				MTL_FAST_MATH = YES;
				ONLY_ACTIVE_ARCH = YES;
				SDKROOT = iphoneos;
				SWIFT_ACTIVE_COMPILATION_CONDITIONS = DEBUG;
				SWIFT_OPTIMIZATION_LEVEL = "-Onone";
			};
			name = Debug;
		};
		BC71A2002ACBAEB400FE413E /* Release */ = {
			isa = XCBuildConfiguration;
			buildSettings = {
				ALWAYS_SEARCH_USER_PATHS = NO;
				CLANG_ANALYZER_NONNULL = YES;
				CLANG_ANALYZER_NUMBER_OBJECT_CONVERSION = YES_AGGRESSIVE;
				CLANG_CXX_LANGUAGE_STANDARD = "gnu++20";
				CLANG_ENABLE_MODULES = YES;
				CLANG_ENABLE_OBJC_ARC = YES;
				CLANG_ENABLE_OBJC_WEAK = YES;
				CLANG_WARN_BLOCK_CAPTURE_AUTORELEASING = YES;
				CLANG_WARN_BOOL_CONVERSION = YES;
				CLANG_WARN_COMMA = YES;
				CLANG_WARN_CONSTANT_CONVERSION = YES;
				CLANG_WARN_DEPRECATED_OBJC_IMPLEMENTATIONS = YES;
				CLANG_WARN_DIRECT_OBJC_ISA_USAGE = YES_ERROR;
				CLANG_WARN_DOCUMENTATION_COMMENTS = YES;
				CLANG_WARN_EMPTY_BODY = YES;
				CLANG_WARN_ENUM_CONVERSION = YES;
				CLANG_WARN_INFINITE_RECURSION = YES;
				CLANG_WARN_INT_CONVERSION = YES;
				CLANG_WARN_NON_LITERAL_NULL_CONVERSION = YES;
				CLANG_WARN_OBJC_IMPLICIT_RETAIN_SELF = YES;
				CLANG_WARN_OBJC_LITERAL_CONVERSION = YES;
				CLANG_WARN_OBJC_ROOT_CLASS = YES_ERROR;
				CLANG_WARN_QUOTED_INCLUDE_IN_FRAMEWORK_HEADER = YES;
				CLANG_WARN_RANGE_LOOP_ANALYSIS = YES;
				CLANG_WARN_STRICT_PROTOTYPES = YES;
				CLANG_WARN_SUSPICIOUS_MOVE = YES;
				CLANG_WARN_UNGUARDED_AVAILABILITY = YES_AGGRESSIVE;
				CLANG_WARN_UNREACHABLE_CODE = YES;
				CLANG_WARN__DUPLICATE_METHOD_MATCH = YES;
				COPY_PHASE_STRIP = NO;
				DEBUG_INFORMATION_FORMAT = "dwarf-with-dsym";
				ENABLE_NS_ASSERTIONS = NO;
				ENABLE_STRICT_OBJC_MSGSEND = YES;
				GCC_C_LANGUAGE_STANDARD = gnu11;
				GCC_NO_COMMON_BLOCKS = YES;
				GCC_WARN_64_TO_32_BIT_CONVERSION = YES;
				GCC_WARN_ABOUT_RETURN_TYPE = YES_ERROR;
				GCC_WARN_UNDECLARED_SELECTOR = YES;
				GCC_WARN_UNINITIALIZED_AUTOS = YES_AGGRESSIVE;
				GCC_WARN_UNUSED_FUNCTION = YES;
				GCC_WARN_UNUSED_VARIABLE = YES;
				IPHONEOS_DEPLOYMENT_TARGET = 16.4;
				MTL_ENABLE_DEBUG_INFO = NO;
				MTL_FAST_MATH = YES;
				SDKROOT = iphoneos;
				SWIFT_COMPILATION_MODE = wholemodule;
				SWIFT_OPTIMIZATION_LEVEL = "-O";
				VALIDATE_PRODUCT = YES;
			};
			name = Release;
		};
		BC71A2022ACBAEB400FE413E /* Debug */ = {
			isa = XCBuildConfiguration;
			buildSettings = {
				ASSETCATALOG_COMPILER_APPICON_NAME = AppIcon;
				ASSETCATALOG_COMPILER_GLOBAL_ACCENT_COLOR_NAME = AccentColor;
				CODE_SIGN_STYLE = Automatic;
				CURRENT_PROJECT_VERSION = 1;
				DEVELOPMENT_ASSET_PATHS = "\"FreshTrack/Preview Content\"";
				DEVELOPMENT_TEAM = FRFXFRT624;
				ENABLE_PREVIEWS = YES;
				GENERATE_INFOPLIST_FILE = YES;
				INFOPLIST_KEY_UIApplicationSceneManifest_Generation = YES;
				INFOPLIST_KEY_UIApplicationSupportsIndirectInputEvents = YES;
				INFOPLIST_KEY_UILaunchScreen_Generation = YES;
				INFOPLIST_KEY_UISupportedInterfaceOrientations_iPad = "UIInterfaceOrientationPortrait UIInterfaceOrientationPortraitUpsideDown UIInterfaceOrientationLandscapeLeft UIInterfaceOrientationLandscapeRight";
				INFOPLIST_KEY_UISupportedInterfaceOrientations_iPhone = "UIInterfaceOrientationPortrait UIInterfaceOrientationLandscapeLeft UIInterfaceOrientationLandscapeRight";
				LD_RUNPATH_SEARCH_PATHS = (
					"$(inherited)",
					"@executable_path/Frameworks",
				);
				MARKETING_VERSION = 1.0;
				PRODUCT_BUNDLE_IDENTIFIER = BenFaer.FreshTrack;
				PRODUCT_NAME = "$(TARGET_NAME)";
				SWIFT_EMIT_LOC_STRINGS = YES;
				SWIFT_VERSION = 5.0;
				TARGETED_DEVICE_FAMILY = "1,2";
			};
			name = Debug;
		};
		BC71A2032ACBAEB400FE413E /* Release */ = {
			isa = XCBuildConfiguration;
			buildSettings = {
				ASSETCATALOG_COMPILER_APPICON_NAME = AppIcon;
				ASSETCATALOG_COMPILER_GLOBAL_ACCENT_COLOR_NAME = AccentColor;
				CODE_SIGN_STYLE = Automatic;
				CURRENT_PROJECT_VERSION = 1;
				DEVELOPMENT_ASSET_PATHS = "\"FreshTrack/Preview Content\"";
				DEVELOPMENT_TEAM = FRFXFRT624;
				ENABLE_PREVIEWS = YES;
				GENERATE_INFOPLIST_FILE = YES;
				INFOPLIST_KEY_UIApplicationSceneManifest_Generation = YES;
				INFOPLIST_KEY_UIApplicationSupportsIndirectInputEvents = YES;
				INFOPLIST_KEY_UILaunchScreen_Generation = YES;
				INFOPLIST_KEY_UISupportedInterfaceOrientations_iPad = "UIInterfaceOrientationPortrait UIInterfaceOrientationPortraitUpsideDown UIInterfaceOrientationLandscapeLeft UIInterfaceOrientationLandscapeRight";
				INFOPLIST_KEY_UISupportedInterfaceOrientations_iPhone = "UIInterfaceOrientationPortrait UIInterfaceOrientationLandscapeLeft UIInterfaceOrientationLandscapeRight";
				LD_RUNPATH_SEARCH_PATHS = (
					"$(inherited)",
					"@executable_path/Frameworks",
				);
				MARKETING_VERSION = 1.0;
				PRODUCT_BUNDLE_IDENTIFIER = BenFaer.FreshTrack;
				PRODUCT_NAME = "$(TARGET_NAME)";
				SWIFT_EMIT_LOC_STRINGS = YES;
				SWIFT_VERSION = 5.0;
				TARGETED_DEVICE_FAMILY = "1,2";
			};
			name = Release;
		};
/* End XCBuildConfiguration section */

/* Begin XCConfigurationList section */
		BC71A1EE2ACBAEB300FE413E /* Build configuration list for PBXProject "FreshTrack" */ = {
			isa = XCConfigurationList;
			buildConfigurations = (
				BC71A1FF2ACBAEB400FE413E /* Debug */,
				BC71A2002ACBAEB400FE413E /* Release */,
			);
			defaultConfigurationIsVisible = 0;
			defaultConfigurationName = Release;
		};
		BC71A2012ACBAEB400FE413E /* Build configuration list for PBXNativeTarget "FreshTrack" */ = {
			isa = XCConfigurationList;
			buildConfigurations = (
				BC71A2022ACBAEB400FE413E /* Debug */,
				BC71A2032ACBAEB400FE413E /* Release */,
			);
			defaultConfigurationIsVisible = 0;
			defaultConfigurationName = Release;
		};
/* End XCConfigurationList section */
	};
	rootObject = BC71A1EB2ACBAEB300FE413E /* Project object */;
}
